// !$*UTF8*$!
{
	archiveVersion = 1;
	classes = {
	};
	objectVersion = 77;
	objects = {

/* Begin PBXBuildFile section */
		90548F0B2DA77B16002E9400 /* DailyMoodTracker.xcdatamodeld in Sources */ = {isa = PBXBuildFile; fileRef = 90548F092DA77B16002E9400 /* DailyMoodTracker.xcdatamodeld */; };
/* End PBXBuildFile section */

/* Begin PBXContainerItemProxy section */
		90D2CB8F2DA628E000F1B688 /* PBXContainerItemProxy */ = {
			isa = PBXContainerItemProxy;
			containerPortal = 90D2CB762DA628DD00F1B688 /* Project object */;
			proxyType = 1;
			remoteGlobalIDString = 90D2CB7D2DA628DD00F1B688;
			remoteInfo = DailyMoodTracker;
		};
		90D2CB992DA628E000F1B688 /* PBXContainerItemProxy */ = {
			isa = PBXContainerItemProxy;
			containerPortal = 90D2CB762DA628DD00F1B688 /* Project object */;
			proxyType = 1;
			remoteGlobalIDString = 90D2CB7D2DA628DD00F1B688;
			remoteInfo = DailyMoodTracker;
		};
/* End PBXContainerItemProxy section */

/* Begin PBXFileReference section */
		90548F0A2DA77B16002E9400 /* DailyMoodTracker.xcdatamodel */ = {isa = PBXFileReference; lastKnownFileType = wrapper.xcdatamodel; path = DailyMoodTracker.xcdatamodel; sourceTree = "<group>"; };
		90D2CB7E2DA628DD00F1B688 /* DailyMoodTracker.app */ = {isa = PBXFileReference; explicitFileType = wrapper.application; includeInIndex = 0; path = DailyMoodTracker.app; sourceTree = BUILT_PRODUCTS_DIR; };
		90D2CB8E2DA628E000F1B688 /* DailyMoodTrackerTests.xctest */ = {isa = PBXFileReference; explicitFileType = wrapper.cfbundle; includeInIndex = 0; path = DailyMoodTrackerTests.xctest; sourceTree = BUILT_PRODUCTS_DIR; };
		90D2CB982DA628E000F1B688 /* DailyMoodTrackerUITests.xctest */ = {isa = PBXFileReference; explicitFileType = wrapper.cfbundle; includeInIndex = 0; path = DailyMoodTrackerUITests.xctest; sourceTree = BUILT_PRODUCTS_DIR; };
/* End PBXFileReference section */

/* Begin PBXFileSystemSynchronizedRootGroup section */
		90D2CB802DA628DD00F1B688 /* DailyMoodTracker */ = {
			isa = PBXFileSystemSynchronizedRootGroup;
			path = DailyMoodTracker;
			sourceTree = "<group>";
		};
		90D2CB912DA628E000F1B688 /* DailyMoodTrackerTests */ = {
			isa = PBXFileSystemSynchronizedRootGroup;
			path = DailyMoodTrackerTests;
			sourceTree = "<group>";
		};
		90D2CB9B2DA628E000F1B688 /* DailyMoodTrackerUITests */ = {
			isa = PBXFileSystemSynchronizedRootGroup;
			path = DailyMoodTrackerUITests;
			sourceTree = "<group>";
		};
/* End PBXFileSystemSynchronizedRootGroup section */

/* Begin PBXFrameworksBuildPhase section */
		90D2CB7B2DA628DD00F1B688 /* Frameworks */ = {
			isa = PBXFrameworksBuildPhase;
			buildActionMask = 2147483647;
			files = (
			);
			runOnlyForDeploymentPostprocessing = 0;
		};
		90D2CB8B2DA628E000F1B688 /* Frameworks */ = {
			isa = PBXFrameworksBuildPhase;
			buildActionMask = 2147483647;
			files = (
			);
			runOnlyForDeploymentPostprocessing = 0;
		};
		90D2CB952DA628E000F1B688 /* Frameworks */ = {
			isa = PBXFrameworksBuildPhase;
			buildActionMask = 2147483647;
			files = (
			);
			runOnlyForDeploymentPostprocessing = 0;
		};
/* End PBXFrameworksBuildPhase section */

/* Begin PBXGroup section */
		90D2CB752DA628DD00F1B688 = {
			isa = PBXGroup;
			children = (
				90548F092DA77B16002E9400 /* DailyMoodTracker.xcdatamodeld */,
				90D2CB802DA628DD00F1B688 /* DailyMoodTracker */,
				90D2CB912DA628E000F1B688 /* DailyMoodTrackerTests */,
				90D2CB9B2DA628E000F1B688 /* DailyMoodTrackerUITests */,
				90D2CB7F2DA628DD00F1B688 /* Products */,
			);
			sourceTree = "<group>";
		};
		90D2CB7F2DA628DD00F1B688 /* Products */ = {
			isa = PBXGroup;
			children = (
				90D2CB7E2DA628DD00F1B688 /* DailyMoodTracker.app */,
				90D2CB8E2DA628E000F1B688 /* DailyMoodTrackerTests.xctest */,
				90D2CB982DA628E000F1B688 /* DailyMoodTrackerUITests.xctest */,
			);
			name = Products;
			sourceTree = "<group>";
		};
/* End PBXGroup section */

/* Begin PBXNativeTarget section */
		90D2CB7D2DA628DD00F1B688 /* DailyMoodTracker */ = {
			isa = PBXNativeTarget;
			buildConfigurationList = 90D2CBA22DA628E000F1B688 /* Build configuration list for PBXNativeTarget "DailyMoodTracker" */;
			buildPhases = (
				90D2CB7A2DA628DD00F1B688 /* Sources */,
				90D2CB7B2DA628DD00F1B688 /* Frameworks */,
				90D2CB7C2DA628DD00F1B688 /* Resources */,
			);
			buildRules = (
			);
			dependencies = (
			);
			fileSystemSynchronizedGroups = (
				90D2CB802DA628DD00F1B688 /* DailyMoodTracker */,
			);
			name = DailyMoodTracker;
			packageProductDependencies = (
			);
			productName = DailyMoodTracker;
			productReference = 90D2CB7E2DA628DD00F1B688 /* DailyMoodTracker.app */;
			productType = "com.apple.product-type.application";
		};
		90D2CB8D2DA628E000F1B688 /* DailyMoodTrackerTests */ = {
			isa = PBXNativeTarget;
			buildConfigurationList = 90D2CBA52DA628E000F1B688 /* Build configuration list for PBXNativeTarget "DailyMoodTrackerTests" */;
			buildPhases = (
				90D2CB8A2DA628E000F1B688 /* Sources */,
				90D2CB8B2DA628E000F1B688 /* Frameworks */,
				90D2CB8C2DA628E000F1B688 /* Resources */,
			);
			buildRules = (
			);
			dependencies = (
				90D2CB902DA628E000F1B688 /* PBXTargetDependency */,
			);
			fileSystemSynchronizedGroups = (
				90D2CB912DA628E000F1B688 /* DailyMoodTrackerTests */,
			);
			name = DailyMoodTrackerTests;
			packageProductDependencies = (
			);
			productName = DailyMoodTrackerTests;
			productReference = 90D2CB8E2DA628E000F1B688 /* DailyMoodTrackerTests.xctest */;
			productType = "com.apple.product-type.bundle.unit-test";
		};
		90D2CB972DA628E000F1B688 /* DailyMoodTrackerUITests */ = {
			isa = PBXNativeTarget;
			buildConfigurationList = 90D2CBA82DA628E000F1B688 /* Build configuration list for PBXNativeTarget "DailyMoodTrackerUITests" */;
			buildPhases = (
				90D2CB942DA628E000F1B688 /* Sources */,
				90D2CB952DA628E000F1B688 /* Frameworks */,
				90D2CB962DA628E000F1B688 /* Resources */,
			);
			buildRules = (
			);
			dependencies = (
				90D2CB9A2DA628E000F1B688 /* PBXTargetDependency */,
			);
			fileSystemSynchronizedGroups = (
				90D2CB9B2DA628E000F1B688 /* DailyMoodTrackerUITests */,
			);
			name = DailyMoodTrackerUITests;
			packageProductDependencies = (
			);
			productName = DailyMoodTrackerUITests;
			productReference = 90D2CB982DA628E000F1B688 /* DailyMoodTrackerUITests.xctest */;
			productType = "com.apple.product-type.bundle.ui-testing";
		};
/* End PBXNativeTarget section */

/* Begin PBXProject section */
		90D2CB762DA628DD00F1B688 /* Project object */ = {
			isa = PBXProject;
			attributes = {
				BuildIndependentTargetsInParallel = 1;
				LastSwiftUpdateCheck = 1620;
				LastUpgradeCheck = 1620;
				TargetAttributes = {
					90D2CB7D2DA628DD00F1B688 = {
						CreatedOnToolsVersion = 16.2;
					};
					90D2CB8D2DA628E000F1B688 = {
						CreatedOnToolsVersion = 16.2;
						TestTargetID = 90D2CB7D2DA628DD00F1B688;
					};
					90D2CB972DA628E000F1B688 = {
						CreatedOnToolsVersion = 16.2;
						TestTargetID = 90D2CB7D2DA628DD00F1B688;
					};
				};
			};
			buildConfigurationList = 90D2CB792DA628DD00F1B688 /* Build configuration list for PBXProject "DailyMoodTracker" */;
			developmentRegion = en;
			hasScannedForEncodings = 0;
			knownRegions = (
				en,
				Base,
			);
			mainGroup = 90D2CB752DA628DD00F1B688;
			minimizedProjectReferenceProxies = 1;
			preferredProjectObjectVersion = 77;
			productRefGroup = 90D2CB7F2DA628DD00F1B688 /* Products */;
			projectDirPath = "";
			projectRoot = "";
			targets = (
				90D2CB7D2DA628DD00F1B688 /* DailyMoodTracker */,
				90D2CB8D2DA628E000F1B688 /* DailyMoodTrackerTests */,
				90D2CB972DA628E000F1B688 /* DailyMoodTrackerUITests */,
			);
		};
/* End PBXProject section */

/* Begin PBXResourcesBuildPhase section */
		90D2CB7C2DA628DD00F1B688 /* Resources */ = {
			isa = PBXResourcesBuildPhase;
			buildActionMask = 2147483647;
			files = (
			);
			runOnlyForDeploymentPostprocessing = 0;
		};
		90D2CB8C2DA628E000F1B688 /* Resources */ = {
			isa = PBXResourcesBuildPhase;
			buildActionMask = 2147483647;
			files = (
			);
			runOnlyForDeploymentPostprocessing = 0;
		};
		90D2CB962DA628E000F1B688 /* Resources */ = {
			isa = PBXResourcesBuildPhase;
			buildActionMask = 2147483647;
			files = (
			);
			runOnlyForDeploymentPostprocessing = 0;
		};
/* End PBXResourcesBuildPhase section */

/* Begin PBXSourcesBuildPhase section */
		90D2CB7A2DA628DD00F1B688 /* Sources */ = {
			isa = PBXSourcesBuildPhase;
			buildActionMask = 2147483647;
			files = (
				90548F0B2DA77B16002E9400 /* DailyMoodTracker.xcdatamodeld in Sources */,
			);
			runOnlyForDeploymentPostprocessing = 0;
		};
		90D2CB8A2DA628E000F1B688 /* Sources */ = {
			isa = PBXSourcesBuildPhase;
			buildActionMask = 2147483647;
			files = (
			);
			runOnlyForDeploymentPostprocessing = 0;
		};
		90D2CB942DA628E000F1B688 /* Sources */ = {
			isa = PBXSourcesBuildPhase;
			buildActionMask = 2147483647;
			files = (
			);
			runOnlyForDeploymentPostprocessing = 0;
		};
/* End PBXSourcesBuildPhase section */

/* Begin PBXTargetDependency section */
		90D2CB902DA628E000F1B688 /* PBXTargetDependency */ = {
			isa = PBXTargetDependency;
			target = 90D2CB7D2DA628DD00F1B688 /* DailyMoodTracker */;
			targetProxy = 90D2CB8F2DA628E000F1B688 /* PBXContainerItemProxy */;
		};
		90D2CB9A2DA628E000F1B688 /* PBXTargetDependency */ = {
			isa = PBXTargetDependency;
			target = 90D2CB7D2DA628DD00F1B688 /* DailyMoodTracker */;
			targetProxy = 90D2CB992DA628E000F1B688 /* PBXContainerItemProxy */;
		};
/* End PBXTargetDependency section */

/* Begin XCBuildConfiguration section */
		90D2CBA02DA628E000F1B688 /* Debug */ = {
			isa = XCBuildConfiguration;
			buildSettings = {
				ALWAYS_SEARCH_USER_PATHS = NO;
				ASSETCATALOG_COMPILER_GENERATE_SWIFT_ASSET_SYMBOL_EXTENSIONS = YES;
				CLANG_ANALYZER_NONNULL = YES;
				CLANG_ANALYZER_NUMBER_OBJECT_CONVERSION = YES_AGGRESSIVE;
				CLANG_CXX_LANGUAGE_STANDARD = "gnu++20";
				CLANG_ENABLE_MODULES = YES;
				CLANG_ENABLE_OBJC_ARC = YES;
				CLANG_ENABLE_OBJC_WEAK = YES;
				CLANG_WARN_BLOCK_CAPTURE_AUTORELEASING = YES;
				CLANG_WARN_BOOL_CONVERSION = YES;
				CLANG_WARN_COMMA = YES;
				CLANG_WARN_CONSTANT_CONVERSION = YES;
				CLANG_WARN_DEPRECATED_OBJC_IMPLEMENTATIONS = YES;
				CLANG_WARN_DIRECT_OBJC_ISA_USAGE = YES_ERROR;
				CLANG_WARN_DOCUMENTATION_COMMENTS = YES;
				CLANG_WARN_EMPTY_BODY = YES;
				CLANG_WARN_ENUM_CONVERSION = YES;
				CLANG_WARN_INFINITE_RECURSION = YES;
				CLANG_WARN_INT_CONVERSION = YES;
				CLANG_WARN_NON_LITERAL_NULL_CONVERSION = YES;
				CLANG_WARN_OBJC_IMPLICIT_RETAIN_SELF = YES;
				CLANG_WARN_OBJC_LITERAL_CONVERSION = YES;
				CLANG_WARN_OBJC_ROOT_CLASS = YES_ERROR;
				CLANG_WARN_QUOTED_INCLUDE_IN_FRAMEWORK_HEADER = YES;
				CLANG_WARN_RANGE_LOOP_ANALYSIS = YES;
				CLANG_WARN_STRICT_PROTOTYPES = YES;
				CLANG_WARN_SUSPICIOUS_MOVE = YES;
				CLANG_WARN_UNGUARDED_AVAILABILITY = YES_AGGRESSIVE;
				CLANG_WARN_UNREACHABLE_CODE = YES;
				CLANG_WARN__DUPLICATE_METHOD_MATCH = YES;
				COPY_PHASE_STRIP = NO;
				DEBUG_INFORMATION_FORMAT = dwarf;
				ENABLE_STRICT_OBJC_MSGSEND = YES;
				ENABLE_TESTABILITY = YES;
				ENABLE_USER_SCRIPT_SANDBOXING = YES;
				GCC_C_LANGUAGE_STANDARD = gnu17;
				GCC_DYNAMIC_NO_PIC = NO;
				GCC_NO_COMMON_BLOCKS = YES;
				GCC_OPTIMIZATION_LEVEL = 0;
				GCC_PREPROCESSOR_DEFINITIONS = (
					"DEBUG=1",
					"$(inherited)",
				);
				GCC_WARN_64_TO_32_BIT_CONVERSION = YES;
				GCC_WARN_ABOUT_RETURN_TYPE = YES_ERROR;
				GCC_WARN_UNDECLARED_SELECTOR = YES;
				GCC_WARN_UNINITIALIZED_AUTOS = YES_AGGRESSIVE;
				GCC_WARN_UNUSED_FUNCTION = YES;
				GCC_WARN_UNUSED_VARIABLE = YES;
				IPHONEOS_DEPLOYMENT_TARGET = 18.2;
				LOCALIZATION_PREFERS_STRING_CATALOGS = YES;
				MTL_ENABLE_DEBUG_INFO = INCLUDE_SOURCE;
				MTL_FAST_MATH = YES;
				ONLY_ACTIVE_ARCH = YES;
				SDKROOT = iphoneos;
				SWIFT_ACTIVE_COMPILATION_CONDITIONS = "DEBUG $(inherited)";
				SWIFT_OPTIMIZATION_LEVEL = "-Onone";
			};
			name = Debug;
		};
		90D2CBA12DA628E000F1B688 /* Release */ = {
			isa = XCBuildConfiguration;
			buildSettings = {
				ALWAYS_SEARCH_USER_PATHS = NO;
				ASSETCATALOG_COMPILER_GENERATE_SWIFT_ASSET_SYMBOL_EXTENSIONS = YES;
				CLANG_ANALYZER_NONNULL = YES;
				CLANG_ANALYZER_NUMBER_OBJECT_CONVERSION = YES_AGGRESSIVE;
				CLANG_CXX_LANGUAGE_STANDARD = "gnu++20";
				CLANG_ENABLE_MODULES = YES;
				CLANG_ENABLE_OBJC_ARC = YES;
				CLANG_ENABLE_OBJC_WEAK = YES;
				CLANG_WARN_BLOCK_CAPTURE_AUTORELEASING = YES;
				CLANG_WARN_BOOL_CONVERSION = YES;
				CLANG_WARN_COMMA = YES;
				CLANG_WARN_CONSTANT_CONVERSION = YES;
				CLANG_WARN_DEPRECATED_OBJC_IMPLEMENTATIONS = YES;
				CLANG_WARN_DIRECT_OBJC_ISA_USAGE = YES_ERROR;
				CLANG_WARN_DOCUMENTATION_COMMENTS = YES;
				CLANG_WARN_EMPTY_BODY = YES;
				CLANG_WARN_ENUM_CONVERSION = YES;
				CLANG_WARN_INFINITE_RECURSION = YES;
				CLANG_WARN_INT_CONVERSION = YES;
				CLANG_WARN_NON_LITERAL_NULL_CONVERSION = YES;
				CLANG_WARN_OBJC_IMPLICIT_RETAIN_SELF = YES;
				CLANG_WARN_OBJC_LITERAL_CONVERSION = YES;
				CLANG_WARN_OBJC_ROOT_CLASS = YES_ERROR;
				CLANG_WARN_QUOTED_INCLUDE_IN_FRAMEWORK_HEADER = YES;
				CLANG_WARN_RANGE_LOOP_ANALYSIS = YES;
				CLANG_WARN_STRICT_PROTOTYPES = YES;
				CLANG_WARN_SUSPICIOUS_MOVE = YES;
				CLANG_WARN_UNGUARDED_AVAILABILITY = YES_AGGRESSIVE;
				CLANG_WARN_UNREACHABLE_CODE = YES;
				CLANG_WARN__DUPLICATE_METHOD_MATCH = YES;
				COPY_PHASE_STRIP = NO;
				DEBUG_INFORMATION_FORMAT = "dwarf-with-dsym";
				ENABLE_NS_ASSERTIONS = NO;
				ENABLE_STRICT_OBJC_MSGSEND = YES;
				ENABLE_USER_SCRIPT_SANDBOXING = YES;
				GCC_C_LANGUAGE_STANDARD = gnu17;
				GCC_NO_COMMON_BLOCKS = YES;
				GCC_WARN_64_TO_32_BIT_CONVERSION = YES;
				GCC_WARN_ABOUT_RETURN_TYPE = YES_ERROR;
				GCC_WARN_UNDECLARED_SELECTOR = YES;
				GCC_WARN_UNINITIALIZED_AUTOS = YES_AGGRESSIVE;
				GCC_WARN_UNUSED_FUNCTION = YES;
				GCC_WARN_UNUSED_VARIABLE = YES;
				IPHONEOS_DEPLOYMENT_TARGET = 18.2;
				LOCALIZATION_PREFERS_STRING_CATALOGS = YES;
				MTL_ENABLE_DEBUG_INFO = NO;
				MTL_FAST_MATH = YES;
				SDKROOT = iphoneos;
				SWIFT_COMPILATION_MODE = wholemodule;
				VALIDATE_PRODUCT = YES;
			};
			name = Release;
		};
		90D2CBA32DA628E000F1B688 /* Debug */ = {
			isa = XCBuildConfiguration;
			buildSettings = {
				ASSETCATALOG_COMPILER_APPICON_NAME = AppIcon;
				ASSETCATALOG_COMPILER_GLOBAL_ACCENT_COLOR_NAME = AccentColor;
				CODE_SIGN_STYLE = Automatic;
				CURRENT_PROJECT_VERSION = 1;
				DEVELOPMENT_ASSET_PATHS = "\"DailyMoodTracker/Preview Content\"";
				DEVELOPMENT_TEAM = AH4XXV5FXT;
				ENABLE_PREVIEWS = YES;
				GENERATE_INFOPLIST_FILE = YES;
				INFOPLIST_KEY_UIApplicationSceneManifest_Generation = YES;
				INFOPLIST_KEY_UIApplicationSupportsIndirectInputEvents = YES;
				INFOPLIST_KEY_UILaunchScreen_Generation = YES;
				INFOPLIST_KEY_UISupportedInterfaceOrientations_iPad = "UIInterfaceOrientationPortrait UIInterfaceOrientationPortraitUpsideDown UIInterfaceOrientationLandscapeLeft UIInterfaceOrientationLandscapeRight";
				INFOPLIST_KEY_UISupportedInterfaceOrientations_iPhone = "UIInterfaceOrientationPortrait UIInterfaceOrientationLandscapeLeft UIInterfaceOrientationLandscapeRight";
				LD_RUNPATH_SEARCH_PATHS = (
					"$(inherited)",
					"@executable_path/Frameworks",
				);
				MARKETING_VERSION = 1.0;
				PRODUCT_BUNDLE_IDENTIFIER = com.compileandcry.DailyMoodTracker;
				PRODUCT_NAME = "$(TARGET_NAME)";
				SWIFT_EMIT_LOC_STRINGS = YES;
				SWIFT_VERSION = 5.0;
				TARGETED_DEVICE_FAMILY = "1,2";
			};
			name = Debug;
		};
		90D2CBA42DA628E000F1B688 /* Release */ = {
			isa = XCBuildConfiguration;
			buildSettings = {
				ASSETCATALOG_COMPILER_APPICON_NAME = AppIcon;
				ASSETCATALOG_COMPILER_GLOBAL_ACCENT_COLOR_NAME = AccentColor;
				CODE_SIGN_STYLE = Automatic;
				CURRENT_PROJECT_VERSION = 1;
				DEVELOPMENT_ASSET_PATHS = "\"DailyMoodTracker/Preview Content\"";
				DEVELOPMENT_TEAM = AH4XXV5FXT;
				ENABLE_PREVIEWS = YES;
				GENERATE_INFOPLIST_FILE = YES;
				INFOPLIST_KEY_UIApplicationSceneManifest_Generation = YES;
				INFOPLIST_KEY_UIApplicationSupportsIndirectInputEvents = YES;
				INFOPLIST_KEY_UILaunchScreen_Generation = YES;
				INFOPLIST_KEY_UISupportedInterfaceOrientations_iPad = "UIInterfaceOrientationPortrait UIInterfaceOrientationPortraitUpsideDown UIInterfaceOrientationLandscapeLeft UIInterfaceOrientationLandscapeRight";
				INFOPLIST_KEY_UISupportedInterfaceOrientations_iPhone = "UIInterfaceOrientationPortrait UIInterfaceOrientationLandscapeLeft UIInterfaceOrientationLandscapeRight";
				LD_RUNPATH_SEARCH_PATHS = (
					"$(inherited)",
					"@executable_path/Frameworks",
				);
				MARKETING_VERSION = 1.0;
				PRODUCT_BUNDLE_IDENTIFIER = com.compileandcry.DailyMoodTracker;
				PRODUCT_NAME = "$(TARGET_NAME)";
				SWIFT_EMIT_LOC_STRINGS = YES;
				SWIFT_VERSION = 5.0;
				TARGETED_DEVICE_FAMILY = "1,2";
			};
			name = Release;
		};
		90D2CBA62DA628E000F1B688 /* Debug */ = {
			isa = XCBuildConfiguration;
			buildSettings = {
				BUNDLE_LOADER = "$(TEST_HOST)";
				CODE_SIGN_STYLE = Automatic;
				CURRENT_PROJECT_VERSION = 1;
				DEVELOPMENT_TEAM = AH4XXV5FXT;
				GENERATE_INFOPLIST_FILE = YES;
				IPHONEOS_DEPLOYMENT_TARGET = 18.2;
				MARKETING_VERSION = 1.0;
				PRODUCT_BUNDLE_IDENTIFIER = com.compileandcry.DailyMoodTrackerTests;
				PRODUCT_NAME = "$(TARGET_NAME)";
				SWIFT_EMIT_LOC_STRINGS = NO;
				SWIFT_VERSION = 5.0;
				TARGETED_DEVICE_FAMILY = "1,2";
				TEST_HOST = "$(BUILT_PRODUCTS_DIR)/DailyMoodTracker.app/$(BUNDLE_EXECUTABLE_FOLDER_PATH)/DailyMoodTracker";
			};
			name = Debug;
		};
		90D2CBA72DA628E000F1B688 /* Release */ = {
			isa = XCBuildConfiguration;
			buildSettings = {
				BUNDLE_LOADER = "$(TEST_HOST)";
				CODE_SIGN_STYLE = Automatic;
				CURRENT_PROJECT_VERSION = 1;
				DEVELOPMENT_TEAM = AH4XXV5FXT;
				GENERATE_INFOPLIST_FILE = YES;
				IPHONEOS_DEPLOYMENT_TARGET = 18.2;
				MARKETING_VERSION = 1.0;
				PRODUCT_BUNDLE_IDENTIFIER = com.compileandcry.DailyMoodTrackerTests;
				PRODUCT_NAME = "$(TARGET_NAME)";
				SWIFT_EMIT_LOC_STRINGS = NO;
				SWIFT_VERSION = 5.0;
				TARGETED_DEVICE_FAMILY = "1,2";
				TEST_HOST = "$(BUILT_PRODUCTS_DIR)/DailyMoodTracker.app/$(BUNDLE_EXECUTABLE_FOLDER_PATH)/DailyMoodTracker";
			};
			name = Release;
		};
		90D2CBA92DA628E000F1B688 /* Debug */ = {
			isa = XCBuildConfiguration;
			buildSettings = {
				CODE_SIGN_STYLE = Automatic;
				CURRENT_PROJECT_VERSION = 1;
				DEVELOPMENT_TEAM = AH4XXV5FXT;
				GENERATE_INFOPLIST_FILE = YES;
				MARKETING_VERSION = 1.0;
				PRODUCT_BUNDLE_IDENTIFIER = com.compileandcry.DailyMoodTrackerUITests;
				PRODUCT_NAME = "$(TARGET_NAME)";
				SWIFT_EMIT_LOC_STRINGS = NO;
				SWIFT_VERSION = 5.0;
				TARGETED_DEVICE_FAMILY = "1,2";
				TEST_TARGET_NAME = DailyMoodTracker;
			};
			name = Debug;
		};
		90D2CBAA2DA628E000F1B688 /* Release */ = {
			isa = XCBuildConfiguration;
			buildSettings = {
				CODE_SIGN_STYLE = Automatic;
				CURRENT_PROJECT_VERSION = 1;
				DEVELOPMENT_TEAM = AH4XXV5FXT;
				GENERATE_INFOPLIST_FILE = YES;
				MARKETING_VERSION = 1.0;
				PRODUCT_BUNDLE_IDENTIFIER = com.compileandcry.DailyMoodTrackerUITests;
				PRODUCT_NAME = "$(TARGET_NAME)";
				SWIFT_EMIT_LOC_STRINGS = NO;
				SWIFT_VERSION = 5.0;
				TARGETED_DEVICE_FAMILY = "1,2";
				TEST_TARGET_NAME = DailyMoodTracker;
			};
			name = Release;
		};
/* End XCBuildConfiguration section */

/* Begin XCConfigurationList section */
		90D2CB792DA628DD00F1B688 /* Build configuration list for PBXProject "DailyMoodTracker" */ = {
			isa = XCConfigurationList;
			buildConfigurations = (
				90D2CBA02DA628E000F1B688 /* Debug */,
				90D2CBA12DA628E000F1B688 /* Release */,
			);
			defaultConfigurationIsVisible = 0;
			defaultConfigurationName = Release;
		};
		90D2CBA22DA628E000F1B688 /* Build configuration list for PBXNativeTarget "DailyMoodTracker" */ = {
			isa = XCConfigurationList;
			buildConfigurations = (
				90D2CBA32DA628E000F1B688 /* Debug */,
				90D2CBA42DA628E000F1B688 /* Release */,
			);
			defaultConfigurationIsVisible = 0;
			defaultConfigurationName = Release;
		};
		90D2CBA52DA628E000F1B688 /* Build configuration list for PBXNativeTarget "DailyMoodTrackerTests" */ = {
			isa = XCConfigurationList;
			buildConfigurations = (
				90D2CBA62DA628E000F1B688 /* Debug */,
				90D2CBA72DA628E000F1B688 /* Release */,
			);
			defaultConfigurationIsVisible = 0;
			defaultConfigurationName = Release;
		};
		90D2CBA82DA628E000F1B688 /* Build configuration list for PBXNativeTarget "DailyMoodTrackerUITests" */ = {
			isa = XCConfigurationList;
			buildConfigurations = (
				90D2CBA92DA628E000F1B688 /* Debug */,
				90D2CBAA2DA628E000F1B688 /* Release */,
			);
			defaultConfigurationIsVisible = 0;
			defaultConfigurationName = Release;
		};
/* End XCConfigurationList section */

/* Begin XCVersionGroup section */
		90548F092DA77B16002E9400 /* DailyMoodTracker.xcdatamodeld */ = {
			isa = XCVersionGroup;
			children = (
				90548F0A2DA77B16002E9400 /* DailyMoodTracker.xcdatamodel */,
			);
			currentVersion = 90548F0A2DA77B16002E9400 /* DailyMoodTracker.xcdatamodel */;
			path = DailyMoodTracker.xcdatamodeld;
			sourceTree = "<group>";
			versionGroupType = wrapper.xcdatamodel;
		};
/* End XCVersionGroup section */
	};
	rootObject = 90D2CB762DA628DD00F1B688 /* Project object */;
}
